
Microsoft Visual Studio Solution File, Format Version 12.00
# Visual Studio Version 17
VisualStudioVersion = 17.8.34316.72
MinimumVisualStudioVersion = 10.0.40219.1
Project("{FAE04EC0-301F-11D3-BF4B-00C04F79EFBC}") = "Postfix_infix", "Postfix_infix\Postfix_infix.csproj", "{8C90207C-D006-4FA6-A817-81C41C25BF88}"
EndProject
Global
	GlobalSection(SolutionConfigurationPlatforms) = preSolution
		Debug|Any CPU = Debug|Any CPU
		Release|Any CPU = Release|Any CPU
	EndGlobalSection
	GlobalSection(ProjectConfigurationPlatforms) = postSolution
		{8C90207C-D006-4FA6-A817-81C41C25BF88}.Debug|Any CPU.ActiveCfg = Debug|Any CPU
		{8C90207C-D006-4FA6-A817-81C41C25BF88}.Debug|Any CPU.Build.0 = Debug|Any CPU
		{8C90207C-D006-4FA6-A817-81C41C25BF88}.Release|Any CPU.ActiveCfg = Release|Any CPU
		{8C90207C-D006-4FA6-A817-81C41C25BF88}.Release|Any CPU.Build.0 = Release|Any CPU
	EndGlobalSection
	GlobalSection(SolutionProperties) = preSolution
		HideSolutionNode = FALSE
	EndGlobalSection
	GlobalSection(ExtensibilityGlobals) = postSolution
		SolutionGuid = {D0AD4959-A007-46EF-9EE0-3A2A97435593}
	EndGlobalSection
EndGlobal
